// !$*UTF8*$!
{
	archiveVersion = 1;
	classes = {
	};
	objectVersion = 50;
	objects = {

/* Begin PBXBuildFile section */
		FAC5471720840C10006A35DB /* AppDelegate.swift in Sources */ = {isa = PBXBuildFile; fileRef = FAC5471620840C10006A35DB /* AppDelegate.swift */; };
		FAC5471C20840C10006A35DB /* Main.storyboard in Resources */ = {isa = PBXBuildFile; fileRef = FAC5471A20840C10006A35DB /* Main.storyboard */; };
		FAC5471E20840C12006A35DB /* Assets.xcassets in Resources */ = {isa = PBXBuildFile; fileRef = FAC5471D20840C12006A35DB /* Assets.xcassets */; };
		FAC5472120840C12006A35DB /* LaunchScreen.storyboard in Resources */ = {isa = PBXBuildFile; fileRef = FAC5471F20840C12006A35DB /* LaunchScreen.storyboard */; };
		FAC5472920840C98006A35DB /* TabBarViewController.swift in Sources */ = {isa = PBXBuildFile; fileRef = FAC5472820840C98006A35DB /* TabBarViewController.swift */; };
		FAC5472B20840ED2006A35DB /* NotesViewController.swift in Sources */ = {isa = PBXBuildFile; fileRef = FAC5472A20840ED2006A35DB /* NotesViewController.swift */; };
		FAC5472D20840EE6006A35DB /* NewViewController.swift in Sources */ = {isa = PBXBuildFile; fileRef = FAC5472C20840EE6006A35DB /* NewViewController.swift */; };
		FAC5472F20840EF1006A35DB /* BarcodeViewController.swift in Sources */ = {isa = PBXBuildFile; fileRef = FAC5472E20840EF1006A35DB /* BarcodeViewController.swift */; };
/* End PBXBuildFile section */

/* Begin PBXFileReference section */
		FAC5471320840C10006A35DB /* RaisedCenterTabBar.app */ = {isa = PBXFileReference; explicitFileType = wrapper.application; includeInIndex = 0; path = RaisedCenterTabBar.app; sourceTree = BUILT_PRODUCTS_DIR; };
		FAC5471620840C10006A35DB /* AppDelegate.swift */ = {isa = PBXFileReference; lastKnownFileType = sourcecode.swift; path = AppDelegate.swift; sourceTree = "<group>"; };
		FAC5471B20840C10006A35DB /* Base */ = {isa = PBXFileReference; lastKnownFileType = file.storyboard; name = Base; path = Base.lproj/Main.storyboard; sourceTree = "<group>"; };
		FAC5471D20840C12006A35DB /* Assets.xcassets */ = {isa = PBXFileReference; lastKnownFileType = folder.assetcatalog; path = Assets.xcassets; sourceTree = "<group>"; };
		FAC5472020840C12006A35DB /* Base */ = {isa = PBXFileReference; lastKnownFileType = file.storyboard; name = Base; path = Base.lproj/LaunchScreen.storyboard; sourceTree = "<group>"; };
		FAC5472220840C12006A35DB /* Info.plist */ = {isa = PBXFileReference; lastKnownFileType = text.plist.xml; path = Info.plist; sourceTree = "<group>"; };
		FAC5472820840C98006A35DB /* TabBarViewController.swift */ = {isa = PBXFileReference; lastKnownFileType = sourcecode.swift; path = TabBarViewController.swift; sourceTree = "<group>"; };
		FAC5472A20840ED2006A35DB /* NotesViewController.swift */ = {isa = PBXFileReference; lastKnownFileType = sourcecode.swift; path = NotesViewController.swift; sourceTree = "<group>"; };
		FAC5472C20840EE6006A35DB /* NewViewController.swift */ = {isa = PBXFileReference; lastKnownFileType = sourcecode.swift; path = NewViewController.swift; sourceTree = "<group>"; };
		FAC5472E20840EF1006A35DB /* BarcodeViewController.swift */ = {isa = PBXFileReference; lastKnownFileType = sourcecode.swift; path = BarcodeViewController.swift; sourceTree = "<group>"; };
/* End PBXFileReference section */

/* Begin PBXFrameworksBuildPhase section */
		FAC5471020840C10006A35DB /* Frameworks */ = {
			isa = PBXFrameworksBuildPhase;
			buildActionMask = 2147483647;
			files = (
			);
			runOnlyForDeploymentPostprocessing = 0;
		};
/* End PBXFrameworksBuildPhase section */

/* Begin PBXGroup section */
		FAC5470A20840C10006A35DB = {
			isa = PBXGroup;
			children = (
				FAC5471520840C10006A35DB /* RaisedCenterTabBar */,
				FAC5471420840C10006A35DB /* Products */,
			);
			sourceTree = "<group>";
		};
		FAC5471420840C10006A35DB /* Products */ = {
			isa = PBXGroup;
			children = (
				FAC5471320840C10006A35DB /* RaisedCenterTabBar.app */,
			);
			name = Products;
			sourceTree = "<group>";
		};
		FAC5471520840C10006A35DB /* RaisedCenterTabBar */ = {
			isa = PBXGroup;
			children = (
				FAC547312084117E006A35DB /* ViewControllers */,
				FAC5473020841174006A35DB /* AppDelegate */,
				FAC5471A20840C10006A35DB /* Main.storyboard */,
				FAC5471D20840C12006A35DB /* Assets.xcassets */,
				FAC5471F20840C12006A35DB /* LaunchScreen.storyboard */,
				FAC5472220840C12006A35DB /* Info.plist */,
			);
			path = RaisedCenterTabBar;
			sourceTree = "<group>";
		};
		FAC5473020841174006A35DB /* AppDelegate */ = {
			isa = PBXGroup;
			children = (
				FAC5471620840C10006A35DB /* AppDelegate.swift */,
			);
			name = AppDelegate;
			sourceTree = "<group>";
		};
		FAC547312084117E006A35DB /* ViewControllers */ = {
			isa = PBXGroup;
			children = (
				FAC5472C20840EE6006A35DB /* NewViewController.swift */,
				FAC5472820840C98006A35DB /* TabBarViewController.swift */,
				FAC5472A20840ED2006A35DB /* NotesViewController.swift */,
				FAC5472E20840EF1006A35DB /* BarcodeViewController.swift */,
			);
			name = ViewControllers;
			sourceTree = "<group>";
		};
/* End PBXGroup section */

/* Begin PBXNativeTarget section */
		FAC5471220840C10006A35DB /* RaisedCenterTabBar */ = {
			isa = PBXNativeTarget;
			buildConfigurationList = FAC5472520840C12006A35DB /* Build configuration list for PBXNativeTarget "RaisedCenterTabBar" */;
			buildPhases = (
				FAC5470F20840C10006A35DB /* Sources */,
				FAC5471020840C10006A35DB /* Frameworks */,
				FAC5471120840C10006A35DB /* Resources */,
			);
			buildRules = (
			);
			dependencies = (
			);
			name = RaisedCenterTabBar;
			productName = RaisedCenterTabBar;
			productReference = FAC5471320840C10006A35DB /* RaisedCenterTabBar.app */;
			productType = "com.apple.product-type.application";
		};
/* End PBXNativeTarget section */

/* Begin PBXProject section */
		FAC5470B20840C10006A35DB /* Project object */ = {
			isa = PBXProject;
			attributes = {
				LastSwiftUpdateCheck = 0930;
				LastUpgradeCheck = 0930;
				ORGANIZATIONNAME = "Alex Lee";
				TargetAttributes = {
					FAC5471220840C10006A35DB = {
						CreatedOnToolsVersion = 9.3;
					};
				};
			};
			buildConfigurationList = FAC5470E20840C10006A35DB /* Build configuration list for PBXProject "RaisedCenterTabBar" */;
			compatibilityVersion = "Xcode 9.3";
			developmentRegion = en;
			hasScannedForEncodings = 0;
			knownRegions = (
				en,
				Base,
			);
			mainGroup = FAC5470A20840C10006A35DB;
			productRefGroup = FAC5471420840C10006A35DB /* Products */;
			projectDirPath = "";
			projectRoot = "";
			targets = (
				FAC5471220840C10006A35DB /* RaisedCenterTabBar */,
			);
		};
/* End PBXProject section */

/* Begin PBXResourcesBuildPhase section */
		FAC5471120840C10006A35DB /* Resources */ = {
			isa = PBXResourcesBuildPhase;
			buildActionMask = 2147483647;
			files = (
				FAC5472120840C12006A35DB /* LaunchScreen.storyboard in Resources */,
				FAC5471E20840C12006A35DB /* Assets.xcassets in Resources */,
				FAC5471C20840C10006A35DB /* Main.storyboard in Resources */,
			);
			runOnlyForDeploymentPostprocessing = 0;
		};
/* End PBXResourcesBuildPhase section */

/* Begin PBXSourcesBuildPhase section */
		FAC5470F20840C10006A35DB /* Sources */ = {
			isa = PBXSourcesBuildPhase;
			buildActionMask = 2147483647;
			files = (
				FAC5472B20840ED2006A35DB /* NotesViewController.swift in Sources */,
				FAC5472920840C98006A35DB /* TabBarViewController.swift in Sources */,
				FAC5472F20840EF1006A35DB /* BarcodeViewController.swift in Sources */,
				FAC5471720840C10006A35DB /* AppDelegate.swift in Sources */,
				FAC5472D20840EE6006A35DB /* NewViewController.swift in Sources */,
			);
			runOnlyForDeploymentPostprocessing = 0;
		};
/* End PBXSourcesBuildPhase section */

/* Begin PBXVariantGroup section */
		FAC5471A20840C10006A35DB /* Main.storyboard */ = {
			isa = PBXVariantGroup;
			children = (
				FAC5471B20840C10006A35DB /* Base */,
			);
			name = Main.storyboard;
			sourceTree = "<group>";
		};
		FAC5471F20840C12006A35DB /* LaunchScreen.storyboard */ = {
			isa = PBXVariantGroup;
			children = (
				FAC5472020840C12006A35DB /* Base */,
			);
			name = LaunchScreen.storyboard;
			sourceTree = "<group>";
		};
/* End PBXVariantGroup section */

/* Begin XCBuildConfiguration section */
		FAC5472320840C12006A35DB /* Debug */ = {
			isa = XCBuildConfiguration;
			buildSettings = {
				ALWAYS_SEARCH_USER_PATHS = NO;
				CLANG_ANALYZER_NONNULL = YES;
				CLANG_ANALYZER_NUMBER_OBJECT_CONVERSION = YES_AGGRESSIVE;
				CLANG_CXX_LANGUAGE_STANDARD = "gnu++14";
				CLANG_CXX_LIBRARY = "libc++";
				CLANG_ENABLE_MODULES = YES;
				CLANG_ENABLE_OBJC_ARC = YES;
				CLANG_ENABLE_OBJC_WEAK = YES;
				CLANG_WARN_BLOCK_CAPTURE_AUTORELEASING = YES;
				CLANG_WARN_BOOL_CONVERSION = YES;
				CLANG_WARN_COMMA = YES;
				CLANG_WARN_CONSTANT_CONVERSION = YES;
				CLANG_WARN_DEPRECATED_OBJC_IMPLEMENTATIONS = YES;
				CLANG_WARN_DIRECT_OBJC_ISA_USAGE = YES_ERROR;
				CLANG_WARN_DOCUMENTATION_COMMENTS = YES;
				CLANG_WARN_EMPTY_BODY = YES;
				CLANG_WARN_ENUM_CONVERSION = YES;
				CLANG_WARN_INFINITE_RECURSION = YES;
				CLANG_WARN_INT_CONVERSION = YES;
				CLANG_WARN_NON_LITERAL_NULL_CONVERSION = YES;
				CLANG_WARN_OBJC_IMPLICIT_RETAIN_SELF = YES;
				CLANG_WARN_OBJC_LITERAL_CONVERSION = YES;
				CLANG_WARN_OBJC_ROOT_CLASS = YES_ERROR;
				CLANG_WARN_RANGE_LOOP_ANALYSIS = YES;
				CLANG_WARN_STRICT_PROTOTYPES = YES;
				CLANG_WARN_SUSPICIOUS_MOVE = YES;
				CLANG_WARN_UNGUARDED_AVAILABILITY = YES_AGGRESSIVE;
				CLANG_WARN_UNREACHABLE_CODE = YES;
				CLANG_WARN__DUPLICATE_METHOD_MATCH = YES;
				CODE_SIGN_IDENTITY = "iPhone Developer";
				COPY_PHASE_STRIP = NO;
				DEBUG_INFORMATION_FORMAT = dwarf;
				ENABLE_STRICT_OBJC_MSGSEND = YES;
				ENABLE_TESTABILITY = YES;
				GCC_C_LANGUAGE_STANDARD = gnu11;
				GCC_DYNAMIC_NO_PIC = NO;
				GCC_NO_COMMON_BLOCKS = YES;
				GCC_OPTIMIZATION_LEVEL = 0;
				GCC_PREPROCESSOR_DEFINITIONS = (
					"DEBUG=1",
					"$(inherited)",
				);
				GCC_WARN_64_TO_32_BIT_CONVERSION = YES;
				GCC_WARN_ABOUT_RETURN_TYPE = YES_ERROR;
				GCC_WARN_UNDECLARED_SELECTOR = YES;
				GCC_WARN_UNINITIALIZED_AUTOS = YES_AGGRESSIVE;
				GCC_WARN_UNUSED_FUNCTION = YES;
				GCC_WARN_UNUSED_VARIABLE = YES;
				IPHONEOS_DEPLOYMENT_TARGET = 11.3;
				MTL_ENABLE_DEBUG_INFO = YES;
				ONLY_ACTIVE_ARCH = YES;
				SDKROOT = iphoneos;
				SWIFT_ACTIVE_COMPILATION_CONDITIONS = DEBUG;
				SWIFT_OPTIMIZATION_LEVEL = "-Onone";
			};
			name = Debug;
		};
		FAC5472420840C12006A35DB /* Release */ = {
			isa = XCBuildConfiguration;
			buildSettings = {
				ALWAYS_SEARCH_USER_PATHS = NO;
				CLANG_ANALYZER_NONNULL = YES;
				CLANG_ANALYZER_NUMBER_OBJECT_CONVERSION = YES_AGGRESSIVE;
				CLANG_CXX_LANGUAGE_STANDARD = "gnu++14";
				CLANG_CXX_LIBRARY = "libc++";
				CLANG_ENABLE_MODULES = YES;
				CLANG_ENABLE_OBJC_ARC = YES;
				CLANG_ENABLE_OBJC_WEAK = YES;
				CLANG_WARN_BLOCK_CAPTURE_AUTORELEASING = YES;
				CLANG_WARN_BOOL_CONVERSION = YES;
				CLANG_WARN_COMMA = YES;
				CLANG_WARN_CONSTANT_CONVERSION = YES;
				CLANG_WARN_DEPRECATED_OBJC_IMPLEMENTATIONS = YES;
				CLANG_WARN_DIRECT_OBJC_ISA_USAGE = YES_ERROR;
				CLANG_WARN_DOCUMENTATION_COMMENTS = YES;
				CLANG_WARN_EMPTY_BODY = YES;
				CLANG_WARN_ENUM_CONVERSION = YES;
				CLANG_WARN_INFINITE_RECURSION = YES;
				CLANG_WARN_INT_CONVERSION = YES;
				CLANG_WARN_NON_LITERAL_NULL_CONVERSION = YES;
				CLANG_WARN_OBJC_IMPLICIT_RETAIN_SELF = YES;
				CLANG_WARN_OBJC_LITERAL_CONVERSION = YES;
				CLANG_WARN_OBJC_ROOT_CLASS = YES_ERROR;
				CLANG_WARN_RANGE_LOOP_ANALYSIS = YES;
				CLANG_WARN_STRICT_PROTOTYPES = YES;
				CLANG_WARN_SUSPICIOUS_MOVE = YES;
				CLANG_WARN_UNGUARDED_AVAILABILITY = YES_AGGRESSIVE;
				CLANG_WARN_UNREACHABLE_CODE = YES;
				CLANG_WARN__DUPLICATE_METHOD_MATCH = YES;
				CODE_SIGN_IDENTITY = "iPhone Developer";
				COPY_PHASE_STRIP = NO;
				DEBUG_INFORMATION_FORMAT = "dwarf-with-dsym";
				ENABLE_NS_ASSERTIONS = NO;
				ENABLE_STRICT_OBJC_MSGSEND = YES;
				GCC_C_LANGUAGE_STANDARD = gnu11;
				GCC_NO_COMMON_BLOCKS = YES;
				GCC_WARN_64_TO_32_BIT_CONVERSION = YES;
				GCC_WARN_ABOUT_RETURN_TYPE = YES_ERROR;
				GCC_WARN_UNDECLARED_SELECTOR = YES;
				GCC_WARN_UNINITIALIZED_AUTOS = YES_AGGRESSIVE;
				GCC_WARN_UNUSED_FUNCTION = YES;
				GCC_WARN_UNUSED_VARIABLE = YES;
				IPHONEOS_DEPLOYMENT_TARGET = 11.3;
				MTL_ENABLE_DEBUG_INFO = NO;
				SDKROOT = iphoneos;
				SWIFT_COMPILATION_MODE = wholemodule;
				SWIFT_OPTIMIZATION_LEVEL = "-O";
				VALIDATE_PRODUCT = YES;
			};
			name = Release;
		};
		FAC5472620840C12006A35DB /* Debug */ = {
			isa = XCBuildConfiguration;
			buildSettings = {
				ASSETCATALOG_COMPILER_APPICON_NAME = AppIcon;
				CODE_SIGN_STYLE = Automatic;
				DEVELOPMENT_TEAM = A682Q7Z257;
				INFOPLIST_FILE = RaisedCenterTabBar/Info.plist;
				LD_RUNPATH_SEARCH_PATHS = (
					"$(inherited)",
					"@executable_path/Frameworks",
				);
				PRODUCT_BUNDLE_IDENTIFIER = com.alexcjlee.RaisedCenterTabBar;
				PRODUCT_NAME = "$(TARGET_NAME)";
				SWIFT_VERSION = 4.0;
				TARGETED_DEVICE_FAMILY = "1,2";
			};
			name = Debug;
		};
		FAC5472720840C12006A35DB /* Release */ = {
			isa = XCBuildConfiguration;
			buildSettings = {
				ASSETCATALOG_COMPILER_APPICON_NAME = AppIcon;
				CODE_SIGN_STYLE = Automatic;
				DEVELOPMENT_TEAM = A682Q7Z257;
				INFOPLIST_FILE = RaisedCenterTabBar/Info.plist;
				LD_RUNPATH_SEARCH_PATHS = (
					"$(inherited)",
					"@executable_path/Frameworks",
				);
				PRODUCT_BUNDLE_IDENTIFIER = com.alexcjlee.RaisedCenterTabBar;
				PRODUCT_NAME = "$(TARGET_NAME)";
				SWIFT_VERSION = 4.0;
				TARGETED_DEVICE_FAMILY = "1,2";
			};
			name = Release;
		};
/* End XCBuildConfiguration section */

/* Begin XCConfigurationList section */
		FAC5470E20840C10006A35DB /* Build configuration list for PBXProject "RaisedCenterTabBar" */ = {
			isa = XCConfigurationList;
			buildConfigurations = (
				FAC5472320840C12006A35DB /* Debug */,
				FAC5472420840C12006A35DB /* Release */,
			);
			defaultConfigurationIsVisible = 0;
			defaultConfigurationName = Release;
		};
		FAC5472520840C12006A35DB /* Build configuration list for PBXNativeTarget "RaisedCenterTabBar" */ = {
			isa = XCConfigurationList;
			buildConfigurations = (
				FAC5472620840C12006A35DB /* Debug */,
				FAC5472720840C12006A35DB /* Release */,
			);
			defaultConfigurationIsVisible = 0;
			defaultConfigurationName = Release;
		};
/* End XCConfigurationList section */
	};
	rootObject = FAC5470B20840C10006A35DB /* Project object */;
}
